
Microsoft Visual Studio Solution File, Format Version 12.00
# Visual Studio 2012
Project("{f2a71f9b-5d33-465a-a702-920d77279786}") = "Cortex", "Cortex\Cortex.fsproj", "{BA48A05D-EFDB-499A-ADD6-CEC499C0C6E2}"
EndProject
Project("{f2a71f9b-5d33-465a-a702-920d77279786}") = "Frontal", "Frontal\Frontal.fsproj", "{A4677A5B-4CB6-417F-A7DF-AA6501C8D060}"
EndProject
Project("{f2a71f9b-5d33-465a-a702-920d77279786}") = "AssetServerCLI", "AssetServerCLI\AssetServerCLI.fsproj", "{61444696-C4E2-4B14-A302-A78020A5680D}"
EndProject
Project("{f2a71f9b-5d33-465a-a702-920d77279786}") = "Signal", "Signal\Signal.fsproj", "{79DEC74E-FD46-43A2-ABE5-E796293DCD2C}"
EndProject
Project("{f2a71f9b-5d33-465a-a702-920d77279786}") = "Atom", "Atom\Atom.fsproj", "{A5543105-1977-4323-8A9E-96A1CFE64869}"
EndProject
Project("{f2a71f9b-5d33-465a-a702-920d77279786}") = "DeviceTests", "DeviceTests\DeviceTests.fsproj", "{0261E73F-E234-4C8A-A7C8-6BD7BA24868C}"
EndProject
Project("{f2a71f9b-5d33-465a-a702-920d77279786}") = "GenericTests", "GenericTests\GenericTests.fsproj", "{30F02275-9933-4476-875C-E2495E01D87C}"
EndProject
Project("{f2a71f9b-5d33-465a-a702-920d77279786}") = "Trash", "Trash\Trash.fsproj", "{176C4207-9B63-4DA1-91B8-CF00DBB7AC56}"
EndProject
Global
	GlobalSection(SolutionConfigurationPlatforms) = preSolution
		Debug|iPhoneSimulator = Debug|iPhoneSimulator
		Release|iPhoneSimulator = Release|iPhoneSimulator
		Debug|iPhone = Debug|iPhone
		Release|iPhone = Release|iPhone
		Ad-Hoc|iPhone = Ad-Hoc|iPhone
		AppStore|iPhone = AppStore|iPhone
		Debug|x64 = Debug|x64
		Release|x64 = Release|x64
		PerfTests|Any CPU = PerfTests|Any CPU
		NoEmit|Any CPU = NoEmit|Any CPU
		Release-NET40|Any CPU = Release-NET40|Any CPU
	EndGlobalSection
	GlobalSection(ProjectConfigurationPlatforms) = postSolution
		{0261E73F-E234-4C8A-A7C8-6BD7BA24868C}.Ad-Hoc|iPhone.ActiveCfg = Ad-Hoc|iPhone
		{0261E73F-E234-4C8A-A7C8-6BD7BA24868C}.Ad-Hoc|iPhone.Build.0 = Ad-Hoc|iPhone
		{0261E73F-E234-4C8A-A7C8-6BD7BA24868C}.AppStore|iPhone.ActiveCfg = AppStore|iPhone
		{0261E73F-E234-4C8A-A7C8-6BD7BA24868C}.AppStore|iPhone.Build.0 = AppStore|iPhone
		{0261E73F-E234-4C8A-A7C8-6BD7BA24868C}.Debug|iPhone.ActiveCfg = Debug|iPhone
		{0261E73F-E234-4C8A-A7C8-6BD7BA24868C}.Debug|iPhone.Build.0 = Debug|iPhone
		{0261E73F-E234-4C8A-A7C8-6BD7BA24868C}.Debug|iPhoneSimulator.ActiveCfg = Debug|iPhoneSimulator
		{0261E73F-E234-4C8A-A7C8-6BD7BA24868C}.Debug|iPhoneSimulator.Build.0 = Debug|iPhoneSimulator
		{0261E73F-E234-4C8A-A7C8-6BD7BA24868C}.Debug|x64.ActiveCfg = Debug|iPhoneSimulator
		{0261E73F-E234-4C8A-A7C8-6BD7BA24868C}.Debug|x64.Build.0 = Debug|iPhoneSimulator
		{0261E73F-E234-4C8A-A7C8-6BD7BA24868C}.NoEmit|Any CPU.ActiveCfg = Debug|iPhoneSimulator
		{0261E73F-E234-4C8A-A7C8-6BD7BA24868C}.NoEmit|Any CPU.Build.0 = Debug|iPhoneSimulator
		{0261E73F-E234-4C8A-A7C8-6BD7BA24868C}.PerfTests|Any CPU.ActiveCfg = Debug|iPhoneSimulator
		{0261E73F-E234-4C8A-A7C8-6BD7BA24868C}.PerfTests|Any CPU.Build.0 = Debug|iPhoneSimulator
		{0261E73F-E234-4C8A-A7C8-6BD7BA24868C}.Release|iPhone.ActiveCfg = Release|iPhone
		{0261E73F-E234-4C8A-A7C8-6BD7BA24868C}.Release|iPhone.Build.0 = Release|iPhone
		{0261E73F-E234-4C8A-A7C8-6BD7BA24868C}.Release|iPhoneSimulator.ActiveCfg = Release|iPhoneSimulator
		{0261E73F-E234-4C8A-A7C8-6BD7BA24868C}.Release|iPhoneSimulator.Build.0 = Release|iPhoneSimulator
		{0261E73F-E234-4C8A-A7C8-6BD7BA24868C}.Release|x64.ActiveCfg = Release|iPhoneSimulator
		{0261E73F-E234-4C8A-A7C8-6BD7BA24868C}.Release|x64.Build.0 = Release|iPhoneSimulator
		{0261E73F-E234-4C8A-A7C8-6BD7BA24868C}.Release-NET40|Any CPU.ActiveCfg = Debug|iPhoneSimulator
		{0261E73F-E234-4C8A-A7C8-6BD7BA24868C}.Release-NET40|Any CPU.Build.0 = Debug|iPhoneSimulator
		{176C4207-9B63-4DA1-91B8-CF00DBB7AC56}.Ad-Hoc|iPhone.ActiveCfg = Debug|iPhoneSimulator
		{176C4207-9B63-4DA1-91B8-CF00DBB7AC56}.Ad-Hoc|iPhone.Build.0 = Debug|iPhoneSimulator
		{176C4207-9B63-4DA1-91B8-CF00DBB7AC56}.AppStore|iPhone.ActiveCfg = Debug|iPhoneSimulator
		{176C4207-9B63-4DA1-91B8-CF00DBB7AC56}.AppStore|iPhone.Build.0 = Debug|iPhoneSimulator
		{176C4207-9B63-4DA1-91B8-CF00DBB7AC56}.Debug|iPhone.ActiveCfg = Debug|iPhoneSimulator
		{176C4207-9B63-4DA1-91B8-CF00DBB7AC56}.Debug|iPhone.Build.0 = Debug|iPhoneSimulator
		{176C4207-9B63-4DA1-91B8-CF00DBB7AC56}.Debug|iPhoneSimulator.ActiveCfg = Debug|iPhoneSimulator
		{176C4207-9B63-4DA1-91B8-CF00DBB7AC56}.Debug|iPhoneSimulator.Build.0 = Debug|iPhoneSimulator
		{176C4207-9B63-4DA1-91B8-CF00DBB7AC56}.Debug|x64.ActiveCfg = Debug|iPhoneSimulator
		{176C4207-9B63-4DA1-91B8-CF00DBB7AC56}.Debug|x64.Build.0 = Debug|iPhoneSimulator
		{176C4207-9B63-4DA1-91B8-CF00DBB7AC56}.NoEmit|Any CPU.ActiveCfg = Debug|iPhoneSimulator
		{176C4207-9B63-4DA1-91B8-CF00DBB7AC56}.NoEmit|Any CPU.Build.0 = Debug|iPhoneSimulator
		{176C4207-9B63-4DA1-91B8-CF00DBB7AC56}.PerfTests|Any CPU.ActiveCfg = Debug|iPhoneSimulator
		{176C4207-9B63-4DA1-91B8-CF00DBB7AC56}.PerfTests|Any CPU.Build.0 = Debug|iPhoneSimulator
		{176C4207-9B63-4DA1-91B8-CF00DBB7AC56}.Release|iPhone.ActiveCfg = Release|iPhoneSimulator
		{176C4207-9B63-4DA1-91B8-CF00DBB7AC56}.Release|iPhone.Build.0 = Release|iPhoneSimulator
		{176C4207-9B63-4DA1-91B8-CF00DBB7AC56}.Release|iPhoneSimulator.ActiveCfg = Release|iPhoneSimulator
		{176C4207-9B63-4DA1-91B8-CF00DBB7AC56}.Release|iPhoneSimulator.Build.0 = Release|iPhoneSimulator
		{176C4207-9B63-4DA1-91B8-CF00DBB7AC56}.Release|x64.ActiveCfg = Release|iPhoneSimulator
		{176C4207-9B63-4DA1-91B8-CF00DBB7AC56}.Release|x64.Build.0 = Release|iPhoneSimulator
		{176C4207-9B63-4DA1-91B8-CF00DBB7AC56}.Release-NET40|Any CPU.ActiveCfg = Debug|iPhoneSimulator
		{176C4207-9B63-4DA1-91B8-CF00DBB7AC56}.Release-NET40|Any CPU.Build.0 = Debug|iPhoneSimulator
		{30F02275-9933-4476-875C-E2495E01D87C}.Ad-Hoc|iPhone.ActiveCfg = Release|Any CPU
		{30F02275-9933-4476-875C-E2495E01D87C}.Ad-Hoc|iPhone.Build.0 = Release|Any CPU
		{30F02275-9933-4476-875C-E2495E01D87C}.AppStore|iPhone.ActiveCfg = Release|Any CPU
		{30F02275-9933-4476-875C-E2495E01D87C}.AppStore|iPhone.Build.0 = Release|Any CPU
		{30F02275-9933-4476-875C-E2495E01D87C}.Debug|iPhone.ActiveCfg = Debug|Any CPU
		{30F02275-9933-4476-875C-E2495E01D87C}.Debug|iPhone.Build.0 = Debug|Any CPU
		{30F02275-9933-4476-875C-E2495E01D87C}.Debug|iPhoneSimulator.ActiveCfg = Debug|Any CPU
		{30F02275-9933-4476-875C-E2495E01D87C}.Debug|iPhoneSimulator.Build.0 = Debug|Any CPU
		{30F02275-9933-4476-875C-E2495E01D87C}.Debug|x64.ActiveCfg = Debug|Any CPU
		{30F02275-9933-4476-875C-E2495E01D87C}.Debug|x64.Build.0 = Debug|Any CPU
		{30F02275-9933-4476-875C-E2495E01D87C}.NoEmit|Any CPU.ActiveCfg = Debug|Any CPU
		{30F02275-9933-4476-875C-E2495E01D87C}.NoEmit|Any CPU.Build.0 = Debug|Any CPU
		{30F02275-9933-4476-875C-E2495E01D87C}.PerfTests|Any CPU.ActiveCfg = Debug|Any CPU
		{30F02275-9933-4476-875C-E2495E01D87C}.PerfTests|Any CPU.Build.0 = Debug|Any CPU
		{30F02275-9933-4476-875C-E2495E01D87C}.Release|iPhone.ActiveCfg = Release|Any CPU
		{30F02275-9933-4476-875C-E2495E01D87C}.Release|iPhone.Build.0 = Release|Any CPU
		{30F02275-9933-4476-875C-E2495E01D87C}.Release|iPhoneSimulator.ActiveCfg = Release|Any CPU
		{30F02275-9933-4476-875C-E2495E01D87C}.Release|iPhoneSimulator.Build.0 = Release|Any CPU
		{30F02275-9933-4476-875C-E2495E01D87C}.Release|x64.ActiveCfg = Release|Any CPU
		{30F02275-9933-4476-875C-E2495E01D87C}.Release|x64.Build.0 = Release|Any CPU
		{30F02275-9933-4476-875C-E2495E01D87C}.Release-NET40|Any CPU.ActiveCfg = Debug|Any CPU
		{30F02275-9933-4476-875C-E2495E01D87C}.Release-NET40|Any CPU.Build.0 = Debug|Any CPU
		{61444696-C4E2-4B14-A302-A78020A5680D}.Ad-Hoc|iPhone.ActiveCfg = Debug|iPhone
		{61444696-C4E2-4B14-A302-A78020A5680D}.Ad-Hoc|iPhone.Build.0 = Debug|iPhone
		{61444696-C4E2-4B14-A302-A78020A5680D}.AppStore|iPhone.ActiveCfg = Debug|iPhone
		{61444696-C4E2-4B14-A302-A78020A5680D}.AppStore|iPhone.Build.0 = Debug|iPhone
		{61444696-C4E2-4B14-A302-A78020A5680D}.Debug|iPhone.ActiveCfg = Debug|iPhone
		{61444696-C4E2-4B14-A302-A78020A5680D}.Debug|iPhone.Build.0 = Debug|iPhone
		{61444696-C4E2-4B14-A302-A78020A5680D}.Debug|iPhoneSimulator.ActiveCfg = Debug|iPhone
		{61444696-C4E2-4B14-A302-A78020A5680D}.Debug|iPhoneSimulator.Build.0 = Debug|iPhone
		{61444696-C4E2-4B14-A302-A78020A5680D}.Debug|x64.ActiveCfg = Debug|iPhone
		{61444696-C4E2-4B14-A302-A78020A5680D}.Debug|x64.Build.0 = Debug|iPhone
		{61444696-C4E2-4B14-A302-A78020A5680D}.NoEmit|Any CPU.ActiveCfg = Debug|iPhone
		{61444696-C4E2-4B14-A302-A78020A5680D}.NoEmit|Any CPU.Build.0 = Debug|iPhone
		{61444696-C4E2-4B14-A302-A78020A5680D}.PerfTests|Any CPU.ActiveCfg = Debug|iPhone
		{61444696-C4E2-4B14-A302-A78020A5680D}.PerfTests|Any CPU.Build.0 = Debug|iPhone
		{61444696-C4E2-4B14-A302-A78020A5680D}.Release|iPhone.ActiveCfg = Release|iPhone
		{61444696-C4E2-4B14-A302-A78020A5680D}.Release|iPhone.Build.0 = Release|iPhone
		{61444696-C4E2-4B14-A302-A78020A5680D}.Release|iPhoneSimulator.ActiveCfg = Release|iPhone
		{61444696-C4E2-4B14-A302-A78020A5680D}.Release|iPhoneSimulator.Build.0 = Release|iPhone
		{61444696-C4E2-4B14-A302-A78020A5680D}.Release|x64.ActiveCfg = Release|iPhone
		{61444696-C4E2-4B14-A302-A78020A5680D}.Release|x64.Build.0 = Release|iPhone
		{61444696-C4E2-4B14-A302-A78020A5680D}.Release-NET40|Any CPU.ActiveCfg = Debug|iPhone
		{61444696-C4E2-4B14-A302-A78020A5680D}.Release-NET40|Any CPU.Build.0 = Debug|iPhone
		{79DEC74E-FD46-43A2-ABE5-E796293DCD2C}.Ad-Hoc|iPhone.ActiveCfg = Release|Any CPU
		{79DEC74E-FD46-43A2-ABE5-E796293DCD2C}.Ad-Hoc|iPhone.Build.0 = Release|Any CPU
		{79DEC74E-FD46-43A2-ABE5-E796293DCD2C}.AppStore|iPhone.ActiveCfg = Release|Any CPU
		{79DEC74E-FD46-43A2-ABE5-E796293DCD2C}.AppStore|iPhone.Build.0 = Release|Any CPU
		{79DEC74E-FD46-43A2-ABE5-E796293DCD2C}.Debug|iPhone.ActiveCfg = Debug|Any CPU
		{79DEC74E-FD46-43A2-ABE5-E796293DCD2C}.Debug|iPhone.Build.0 = Debug|Any CPU
		{79DEC74E-FD46-43A2-ABE5-E796293DCD2C}.Debug|iPhoneSimulator.ActiveCfg = Debug|Any CPU
		{79DEC74E-FD46-43A2-ABE5-E796293DCD2C}.Debug|iPhoneSimulator.Build.0 = Debug|Any CPU
		{79DEC74E-FD46-43A2-ABE5-E796293DCD2C}.Debug|x64.ActiveCfg = Debug|Any CPU
		{79DEC74E-FD46-43A2-ABE5-E796293DCD2C}.Debug|x64.Build.0 = Debug|Any CPU
		{79DEC74E-FD46-43A2-ABE5-E796293DCD2C}.NoEmit|Any CPU.ActiveCfg = Debug|Any CPU
		{79DEC74E-FD46-43A2-ABE5-E796293DCD2C}.NoEmit|Any CPU.Build.0 = Debug|Any CPU
		{79DEC74E-FD46-43A2-ABE5-E796293DCD2C}.PerfTests|Any CPU.ActiveCfg = Debug|Any CPU
		{79DEC74E-FD46-43A2-ABE5-E796293DCD2C}.PerfTests|Any CPU.Build.0 = Debug|Any CPU
		{79DEC74E-FD46-43A2-ABE5-E796293DCD2C}.Release|iPhone.ActiveCfg = Release|Any CPU
		{79DEC74E-FD46-43A2-ABE5-E796293DCD2C}.Release|iPhone.Build.0 = Release|Any CPU
		{79DEC74E-FD46-43A2-ABE5-E796293DCD2C}.Release|iPhoneSimulator.ActiveCfg = Release|Any CPU
		{79DEC74E-FD46-43A2-ABE5-E796293DCD2C}.Release|iPhoneSimulator.Build.0 = Release|Any CPU
		{79DEC74E-FD46-43A2-ABE5-E796293DCD2C}.Release|x64.ActiveCfg = Release|Any CPU
		{79DEC74E-FD46-43A2-ABE5-E796293DCD2C}.Release|x64.Build.0 = Release|Any CPU
		{79DEC74E-FD46-43A2-ABE5-E796293DCD2C}.Release-NET40|Any CPU.ActiveCfg = Debug|Any CPU
		{79DEC74E-FD46-43A2-ABE5-E796293DCD2C}.Release-NET40|Any CPU.Build.0 = Debug|Any CPU
		{A4677A5B-4CB6-417F-A7DF-AA6501C8D060}.Ad-Hoc|iPhone.ActiveCfg = Ad-Hoc|iPhone
		{A4677A5B-4CB6-417F-A7DF-AA6501C8D060}.Ad-Hoc|iPhone.Build.0 = Ad-Hoc|iPhone
		{A4677A5B-4CB6-417F-A7DF-AA6501C8D060}.AppStore|iPhone.ActiveCfg = AppStore|iPhone
		{A4677A5B-4CB6-417F-A7DF-AA6501C8D060}.AppStore|iPhone.Build.0 = AppStore|iPhone
		{A4677A5B-4CB6-417F-A7DF-AA6501C8D060}.Debug|iPhone.ActiveCfg = Debug|iPhone
		{A4677A5B-4CB6-417F-A7DF-AA6501C8D060}.Debug|iPhone.Build.0 = Debug|iPhone
		{A4677A5B-4CB6-417F-A7DF-AA6501C8D060}.Debug|iPhoneSimulator.ActiveCfg = Debug|iPhoneSimulator
		{A4677A5B-4CB6-417F-A7DF-AA6501C8D060}.Debug|iPhoneSimulator.Build.0 = Debug|iPhoneSimulator
		{A4677A5B-4CB6-417F-A7DF-AA6501C8D060}.Debug|x64.ActiveCfg = Debug|iPhoneSimulator
		{A4677A5B-4CB6-417F-A7DF-AA6501C8D060}.Debug|x64.Build.0 = Debug|iPhoneSimulator
		{A4677A5B-4CB6-417F-A7DF-AA6501C8D060}.NoEmit|Any CPU.ActiveCfg = Debug|iPhoneSimulator
		{A4677A5B-4CB6-417F-A7DF-AA6501C8D060}.NoEmit|Any CPU.Build.0 = Debug|iPhoneSimulator
		{A4677A5B-4CB6-417F-A7DF-AA6501C8D060}.PerfTests|Any CPU.ActiveCfg = Debug|iPhoneSimulator
		{A4677A5B-4CB6-417F-A7DF-AA6501C8D060}.PerfTests|Any CPU.Build.0 = Debug|iPhoneSimulator
		{A4677A5B-4CB6-417F-A7DF-AA6501C8D060}.Release|iPhone.ActiveCfg = Release|iPhone
		{A4677A5B-4CB6-417F-A7DF-AA6501C8D060}.Release|iPhone.Build.0 = Release|iPhone
		{A4677A5B-4CB6-417F-A7DF-AA6501C8D060}.Release|iPhoneSimulator.ActiveCfg = Release|iPhoneSimulator
		{A4677A5B-4CB6-417F-A7DF-AA6501C8D060}.Release|iPhoneSimulator.Build.0 = Release|iPhoneSimulator
		{A4677A5B-4CB6-417F-A7DF-AA6501C8D060}.Release|x64.ActiveCfg = Release|iPhoneSimulator
		{A4677A5B-4CB6-417F-A7DF-AA6501C8D060}.Release|x64.Build.0 = Release|iPhoneSimulator
		{A4677A5B-4CB6-417F-A7DF-AA6501C8D060}.Release-NET40|Any CPU.ActiveCfg = Debug|iPhoneSimulator
		{A4677A5B-4CB6-417F-A7DF-AA6501C8D060}.Release-NET40|Any CPU.Build.0 = Debug|iPhoneSimulator
		{A5543105-1977-4323-8A9E-96A1CFE64869}.Ad-Hoc|iPhone.ActiveCfg = Release|Any CPU
		{A5543105-1977-4323-8A9E-96A1CFE64869}.Ad-Hoc|iPhone.Build.0 = Release|Any CPU
		{A5543105-1977-4323-8A9E-96A1CFE64869}.AppStore|iPhone.ActiveCfg = Release|Any CPU
		{A5543105-1977-4323-8A9E-96A1CFE64869}.AppStore|iPhone.Build.0 = Release|Any CPU
		{A5543105-1977-4323-8A9E-96A1CFE64869}.Debug|iPhone.ActiveCfg = Debug|Any CPU
		{A5543105-1977-4323-8A9E-96A1CFE64869}.Debug|iPhone.Build.0 = Debug|Any CPU
		{A5543105-1977-4323-8A9E-96A1CFE64869}.Debug|iPhoneSimulator.ActiveCfg = Debug|Any CPU
		{A5543105-1977-4323-8A9E-96A1CFE64869}.Debug|iPhoneSimulator.Build.0 = Debug|Any CPU
		{A5543105-1977-4323-8A9E-96A1CFE64869}.Debug|x64.ActiveCfg = Debug|Any CPU
		{A5543105-1977-4323-8A9E-96A1CFE64869}.Debug|x64.Build.0 = Debug|Any CPU
		{A5543105-1977-4323-8A9E-96A1CFE64869}.NoEmit|Any CPU.ActiveCfg = Debug|Any CPU
		{A5543105-1977-4323-8A9E-96A1CFE64869}.NoEmit|Any CPU.Build.0 = Debug|Any CPU
		{A5543105-1977-4323-8A9E-96A1CFE64869}.PerfTests|Any CPU.ActiveCfg = Debug|Any CPU
		{A5543105-1977-4323-8A9E-96A1CFE64869}.PerfTests|Any CPU.Build.0 = Debug|Any CPU
		{A5543105-1977-4323-8A9E-96A1CFE64869}.Release|iPhone.ActiveCfg = Release|Any CPU
		{A5543105-1977-4323-8A9E-96A1CFE64869}.Release|iPhone.Build.0 = Release|Any CPU
		{A5543105-1977-4323-8A9E-96A1CFE64869}.Release|iPhoneSimulator.ActiveCfg = Release|Any CPU
		{A5543105-1977-4323-8A9E-96A1CFE64869}.Release|iPhoneSimulator.Build.0 = Release|Any CPU
		{A5543105-1977-4323-8A9E-96A1CFE64869}.Release|x64.ActiveCfg = Release|Any CPU
		{A5543105-1977-4323-8A9E-96A1CFE64869}.Release|x64.Build.0 = Release|Any CPU
		{A5543105-1977-4323-8A9E-96A1CFE64869}.Release-NET40|Any CPU.ActiveCfg = Debug|Any CPU
		{A5543105-1977-4323-8A9E-96A1CFE64869}.Release-NET40|Any CPU.Build.0 = Debug|Any CPU
		{BA48A05D-EFDB-499A-ADD6-CEC499C0C6E2}.Ad-Hoc|iPhone.ActiveCfg = Release|Any CPU
		{BA48A05D-EFDB-499A-ADD6-CEC499C0C6E2}.Ad-Hoc|iPhone.Build.0 = Release|Any CPU
		{BA48A05D-EFDB-499A-ADD6-CEC499C0C6E2}.AppStore|iPhone.ActiveCfg = Release|Any CPU
		{BA48A05D-EFDB-499A-ADD6-CEC499C0C6E2}.AppStore|iPhone.Build.0 = Release|Any CPU
		{BA48A05D-EFDB-499A-ADD6-CEC499C0C6E2}.Debug|iPhone.ActiveCfg = Debug|Any CPU
		{BA48A05D-EFDB-499A-ADD6-CEC499C0C6E2}.Debug|iPhone.Build.0 = Debug|Any CPU
		{BA48A05D-EFDB-499A-ADD6-CEC499C0C6E2}.Debug|iPhoneSimulator.ActiveCfg = Debug|Any CPU
		{BA48A05D-EFDB-499A-ADD6-CEC499C0C6E2}.Debug|iPhoneSimulator.Build.0 = Debug|Any CPU
		{BA48A05D-EFDB-499A-ADD6-CEC499C0C6E2}.Debug|x64.ActiveCfg = Debug|Any CPU
		{BA48A05D-EFDB-499A-ADD6-CEC499C0C6E2}.Debug|x64.Build.0 = Debug|Any CPU
		{BA48A05D-EFDB-499A-ADD6-CEC499C0C6E2}.NoEmit|Any CPU.ActiveCfg = Debug|Any CPU
		{BA48A05D-EFDB-499A-ADD6-CEC499C0C6E2}.NoEmit|Any CPU.Build.0 = Debug|Any CPU
		{BA48A05D-EFDB-499A-ADD6-CEC499C0C6E2}.PerfTests|Any CPU.ActiveCfg = Debug|Any CPU
		{BA48A05D-EFDB-499A-ADD6-CEC499C0C6E2}.PerfTests|Any CPU.Build.0 = Debug|Any CPU
		{BA48A05D-EFDB-499A-ADD6-CEC499C0C6E2}.Release|iPhone.ActiveCfg = Release|Any CPU
		{BA48A05D-EFDB-499A-ADD6-CEC499C0C6E2}.Release|iPhone.Build.0 = Release|Any CPU
		{BA48A05D-EFDB-499A-ADD6-CEC499C0C6E2}.Release|iPhoneSimulator.ActiveCfg = Release|Any CPU
		{BA48A05D-EFDB-499A-ADD6-CEC499C0C6E2}.Release|iPhoneSimulator.Build.0 = Release|Any CPU
		{BA48A05D-EFDB-499A-ADD6-CEC499C0C6E2}.Release|x64.ActiveCfg = Release|Any CPU
		{BA48A05D-EFDB-499A-ADD6-CEC499C0C6E2}.Release|x64.Build.0 = Release|Any CPU
		{BA48A05D-EFDB-499A-ADD6-CEC499C0C6E2}.Release-NET40|Any CPU.ActiveCfg = Debug|Any CPU
		{BA48A05D-EFDB-499A-ADD6-CEC499C0C6E2}.Release-NET40|Any CPU.Build.0 = Debug|Any CPU
	EndGlobalSection
EndGlobal
